{
  "name": "metaplex",
  "lockfileVersion": 2,
  "requires": true,
  "packages": {
    "": {
      "devDependencies": {
        "@types/canvas-confetti": "^1.4.2"
      }
    },
    "node_modules/@types/canvas-confetti": {
      "version": "1.4.2",
      "resolved": "https://registry.npmjs.org/@types/canvas-confetti/-/canvas-confetti-1.4.2.tgz",
      "integrity": "sha512-t45KUDHlwrD9PJVRHc5z1SlXhO82BQEgMKUXGEV1KnWLFMPA6Y5LfUsLTHHzH9KcKDHZLEiYYH5nIDcjRKWNTg==",
      "dev": true
    }
  },
  "dependencies": {
    "@types/canvas-confetti": {
      "version": "1.4.2",
      "resolved": "https://registry.npmjs.org/@types/canvas-confetti/-/canvas-confetti-1.4.2.tgz",
      "integrity": "sha512-t45KUDHlwrD9PJVRHc5z1SlXhO82BQEgMKUXGEV1KnWLFMPA6Y5LfUsLTHHzH9KcKDHZLEiYYH5nIDcjRKWNTg==",
      "dev": true
    }
  }
}
