# THIS IS AN AUTOGENERATED FILE. DO NOT EDIT THIS FILE DIRECTLY.
# yarn lockfile v1


"@types/canvas-confetti@^1.4.2":
  version "1.4.2"
  resolved "https://registry.yarnpkg.com/@types/canvas-confetti/-/canvas-confetti-1.4.2.tgz#35c99fc904492fdcc6515c742509e04f3527211c"
  integrity sha512-t45KUDHlwrD9PJVRHc5z1SlXhO82BQEgMKUXGEV1KnWLFMPA6Y5LfUsLTHHzH9KcKDHZLEiYYH5nIDcjRKWNTg==
